
Microsoft Visual Studio Solution File, Format Version 12.00
# Visual Studio 15
VisualStudioVersion = 15.0.26730.10
MinimumVisualStudioVersion = 10.0.40219.1
Project("{FAE04EC0-301F-11D3-BF4B-00C04F79EFBC}") = "JBC.Android", "JBC\JBC.Android\JBC.Android.csproj", "{28D86072-76BE-4BCB-8BE8-D3DC97043AF0}"
EndProject
Project("{FAE04EC0-301F-11D3-BF4B-00C04F79EFBC}") = "JBC", "JBC\JBC\JBC.csproj", "{66F8CEF1-49E2-4649-BC3F-C0B0E283A293}"
EndProject
Project("{FAE04EC0-301F-11D3-BF4B-00C04F79EFBC}") = "JBC.UWP", "JBC\JBC.UWP\JBC.UWP.csproj", "{7E6601BC-8E54-4746-93DB-0FCCD4C61720}"
EndProject
Project("{FAE04EC0-301F-11D3-BF4B-00C04F79EFBC}") = "JBC.iOS", "JBC\JBC.iOS\JBC.iOS.csproj", "{4712B9D1-EEAD-4129-97A4-29745F002152}"
EndProject
Global
	GlobalSection(SolutionConfigurationPlatforms) = preSolution
		Ad-Hoc|Any CPU = Ad-Hoc|Any CPU
		Ad-Hoc|ARM = Ad-Hoc|ARM
		Ad-Hoc|iPhone = Ad-Hoc|iPhone
		Ad-Hoc|iPhoneSimulator = Ad-Hoc|iPhoneSimulator
		Ad-Hoc|x64 = Ad-Hoc|x64
		Ad-Hoc|x86 = Ad-Hoc|x86
		AppStore|Any CPU = AppStore|Any CPU
		AppStore|ARM = AppStore|ARM
		AppStore|iPhone = AppStore|iPhone
		AppStore|iPhoneSimulator = AppStore|iPhoneSimulator
		AppStore|x64 = AppStore|x64
		AppStore|x86 = AppStore|x86
		Debug|Any CPU = Debug|Any CPU
		Debug|ARM = Debug|ARM
		Debug|iPhone = Debug|iPhone
		Debug|iPhoneSimulator = Debug|iPhoneSimulator
		Debug|x64 = Debug|x64
		Debug|x86 = Debug|x86
		Release|Any CPU = Release|Any CPU
		Release|ARM = Release|ARM
		Release|iPhone = Release|iPhone
		Release|iPhoneSimulator = Release|iPhoneSimulator
		Release|x64 = Release|x64
		Release|x86 = Release|x86
	EndGlobalSection
	GlobalSection(ProjectConfigurationPlatforms) = postSolution
		{28D86072-76BE-4BCB-8BE8-D3DC97043AF0}.Ad-Hoc|Any CPU.ActiveCfg = Release|Any CPU
		{28D86072-76BE-4BCB-8BE8-D3DC97043AF0}.Ad-Hoc|Any CPU.Build.0 = Release|Any CPU
		{28D86072-76BE-4BCB-8BE8-D3DC97043AF0}.Ad-Hoc|Any CPU.Deploy.0 = Release|Any CPU
		{28D86072-76BE-4BCB-8BE8-D3DC97043AF0}.Ad-Hoc|ARM.ActiveCfg = Release|Any CPU
		{28D86072-76BE-4BCB-8BE8-D3DC97043AF0}.Ad-Hoc|ARM.Build.0 = Release|Any CPU
		{28D86072-76BE-4BCB-8BE8-D3DC97043AF0}.Ad-Hoc|ARM.Deploy.0 = Release|Any CPU
		{28D86072-76BE-4BCB-8BE8-D3DC97043AF0}.Ad-Hoc|iPhone.ActiveCfg = Release|Any CPU
		{28D86072-76BE-4BCB-8BE8-D3DC97043AF0}.Ad-Hoc|iPhone.Build.0 = Release|Any CPU
		{28D86072-76BE-4BCB-8BE8-D3DC97043AF0}.Ad-Hoc|iPhone.Deploy.0 = Release|Any CPU
		{28D86072-76BE-4BCB-8BE8-D3DC97043AF0}.Ad-Hoc|iPhoneSimulator.ActiveCfg = Release|Any CPU
		{28D86072-76BE-4BCB-8BE8-D3DC97043AF0}.Ad-Hoc|iPhoneSimulator.Build.0 = Release|Any CPU
		{28D86072-76BE-4BCB-8BE8-D3DC97043AF0}.Ad-Hoc|iPhoneSimulator.Deploy.0 = Release|Any CPU
		{28D86072-76BE-4BCB-8BE8-D3DC97043AF0}.Ad-Hoc|x64.ActiveCfg = Release|Any CPU
		{28D86072-76BE-4BCB-8BE8-D3DC97043AF0}.Ad-Hoc|x64.Build.0 = Release|Any CPU
		{28D86072-76BE-4BCB-8BE8-D3DC97043AF0}.Ad-Hoc|x64.Deploy.0 = Release|Any CPU
		{28D86072-76BE-4BCB-8BE8-D3DC97043AF0}.Ad-Hoc|x86.ActiveCfg = Release|Any CPU
		{28D86072-76BE-4BCB-8BE8-D3DC97043AF0}.Ad-Hoc|x86.Build.0 = Release|Any CPU
		{28D86072-76BE-4BCB-8BE8-D3DC97043AF0}.Ad-Hoc|x86.Deploy.0 = Release|Any CPU
		{28D86072-76BE-4BCB-8BE8-D3DC97043AF0}.AppStore|Any CPU.ActiveCfg = Release|Any CPU
		{28D86072-76BE-4BCB-8BE8-D3DC97043AF0}.AppStore|Any CPU.Build.0 = Release|Any CPU
		{28D86072-76BE-4BCB-8BE8-D3DC97043AF0}.AppStore|Any CPU.Deploy.0 = Release|Any CPU
		{28D86072-76BE-4BCB-8BE8-D3DC97043AF0}.AppStore|ARM.ActiveCfg = Release|Any CPU
		{28D86072-76BE-4BCB-8BE8-D3DC97043AF0}.AppStore|ARM.Build.0 = Release|Any CPU
		{28D86072-76BE-4BCB-8BE8-D3DC97043AF0}.AppStore|ARM.Deploy.0 = Release|Any CPU
		{28D86072-76BE-4BCB-8BE8-D3DC97043AF0}.AppStore|iPhone.ActiveCfg = Release|Any CPU
		{28D86072-76BE-4BCB-8BE8-D3DC97043AF0}.AppStore|iPhone.Build.0 = Release|Any CPU
		{28D86072-76BE-4BCB-8BE8-D3DC97043AF0}.AppStore|iPhone.Deploy.0 = Release|Any CPU
		{28D86072-76BE-4BCB-8BE8-D3DC97043AF0}.AppStore|iPhoneSimulator.ActiveCfg = Release|Any CPU
		{28D86072-76BE-4BCB-8BE8-D3DC97043AF0}.AppStore|iPhoneSimulator.Build.0 = Release|Any CPU
		{28D86072-76BE-4BCB-8BE8-D3DC97043AF0}.AppStore|iPhoneSimulator.Deploy.0 = Release|Any CPU
		{28D86072-76BE-4BCB-8BE8-D3DC97043AF0}.AppStore|x64.ActiveCfg = Release|Any CPU
		{28D86072-76BE-4BCB-8BE8-D3DC97043AF0}.AppStore|x64.Build.0 = Release|Any CPU
		{28D86072-76BE-4BCB-8BE8-D3DC97043AF0}.AppStore|x64.Deploy.0 = Release|Any CPU
		{28D86072-76BE-4BCB-8BE8-D3DC97043AF0}.AppStore|x86.ActiveCfg = Release|Any CPU
		{28D86072-76BE-4BCB-8BE8-D3DC97043AF0}.AppStore|x86.Build.0 = Release|Any CPU
		{28D86072-76BE-4BCB-8BE8-D3DC97043AF0}.AppStore|x86.Deploy.0 = Release|Any CPU
		{28D86072-76BE-4BCB-8BE8-D3DC97043AF0}.Debug|Any CPU.ActiveCfg = Debug|Any CPU
		{28D86072-76BE-4BCB-8BE8-D3DC97043AF0}.Debug|Any CPU.Build.0 = Debug|Any CPU
		{28D86072-76BE-4BCB-8BE8-D3DC97043AF0}.Debug|Any CPU.Deploy.0 = Debug|Any CPU
		{28D86072-76BE-4BCB-8BE8-D3DC97043AF0}.Debug|ARM.ActiveCfg = Debug|Any CPU
		{28D86072-76BE-4BCB-8BE8-D3DC97043AF0}.Debug|ARM.Build.0 = Debug|Any CPU
		{28D86072-76BE-4BCB-8BE8-D3DC97043AF0}.Debug|ARM.Deploy.0 = Debug|Any CPU
		{28D86072-76BE-4BCB-8BE8-D3DC97043AF0}.Debug|iPhone.ActiveCfg = Debug|Any CPU
		{28D86072-76BE-4BCB-8BE8-D3DC97043AF0}.Debug|iPhone.Build.0 = Debug|Any CPU
		{28D86072-76BE-4BCB-8BE8-D3DC97043AF0}.Debug|iPhone.Deploy.0 = Debug|Any CPU
		{28D86072-76BE-4BCB-8BE8-D3DC97043AF0}.Debug|iPhoneSimulator.ActiveCfg = Debug|Any CPU
		{28D86072-76BE-4BCB-8BE8-D3DC97043AF0}.Debug|iPhoneSimulator.Build.0 = Debug|Any CPU
		{28D86072-76BE-4BCB-8BE8-D3DC97043AF0}.Debug|iPhoneSimulator.Deploy.0 = Debug|Any CPU
		{28D86072-76BE-4BCB-8BE8-D3DC97043AF0}.Debug|x64.ActiveCfg = Debug|Any CPU
		{28D86072-76BE-4BCB-8BE8-D3DC97043AF0}.Debug|x64.Build.0 = Debug|Any CPU
		{28D86072-76BE-4BCB-8BE8-D3DC97043AF0}.Debug|x64.Deploy.0 = Debug|Any CPU
		{28D86072-76BE-4BCB-8BE8-D3DC97043AF0}.Debug|x86.ActiveCfg = Debug|Any CPU
		{28D86072-76BE-4BCB-8BE8-D3DC97043AF0}.Debug|x86.Build.0 = Debug|Any CPU
		{28D86072-76BE-4BCB-8BE8-D3DC97043AF0}.Debug|x86.Deploy.0 = Debug|Any CPU
		{28D86072-76BE-4BCB-8BE8-D3DC97043AF0}.Release|Any CPU.ActiveCfg = Release|Any CPU
		{28D86072-76BE-4BCB-8BE8-D3DC97043AF0}.Release|Any CPU.Build.0 = Release|Any CPU
		{28D86072-76BE-4BCB-8BE8-D3DC97043AF0}.Release|Any CPU.Deploy.0 = Release|Any CPU
		{28D86072-76BE-4BCB-8BE8-D3DC97043AF0}.Release|ARM.ActiveCfg = Release|Any CPU
		{28D86072-76BE-4BCB-8BE8-D3DC97043AF0}.Release|ARM.Build.0 = Release|Any CPU
		{28D86072-76BE-4BCB-8BE8-D3DC97043AF0}.Release|ARM.Deploy.0 = Release|Any CPU
		{28D86072-76BE-4BCB-8BE8-D3DC97043AF0}.Release|iPhone.ActiveCfg = Release|Any CPU
		{28D86072-76BE-4BCB-8BE8-D3DC97043AF0}.Release|iPhone.Build.0 = Release|Any CPU
		{28D86072-76BE-4BCB-8BE8-D3DC97043AF0}.Release|iPhone.Deploy.0 = Release|Any CPU
		{28D86072-76BE-4BCB-8BE8-D3DC97043AF0}.Release|iPhoneSimulator.ActiveCfg = Release|Any CPU
		{28D86072-76BE-4BCB-8BE8-D3DC97043AF0}.Release|iPhoneSimulator.Build.0 = Release|Any CPU
		{28D86072-76BE-4BCB-8BE8-D3DC97043AF0}.Release|iPhoneSimulator.Deploy.0 = Release|Any CPU
		{28D86072-76BE-4BCB-8BE8-D3DC97043AF0}.Release|x64.ActiveCfg = Release|Any CPU
		{28D86072-76BE-4BCB-8BE8-D3DC97043AF0}.Release|x64.Build.0 = Release|Any CPU
		{28D86072-76BE-4BCB-8BE8-D3DC97043AF0}.Release|x64.Deploy.0 = Release|Any CPU
		{28D86072-76BE-4BCB-8BE8-D3DC97043AF0}.Release|x86.ActiveCfg = Release|Any CPU
		{28D86072-76BE-4BCB-8BE8-D3DC97043AF0}.Release|x86.Build.0 = Release|Any CPU
		{28D86072-76BE-4BCB-8BE8-D3DC97043AF0}.Release|x86.Deploy.0 = Release|Any CPU
		{66F8CEF1-49E2-4649-BC3F-C0B0E283A293}.Ad-Hoc|Any CPU.ActiveCfg = Release|Any CPU
		{66F8CEF1-49E2-4649-BC3F-C0B0E283A293}.Ad-Hoc|Any CPU.Build.0 = Release|Any CPU
		{66F8CEF1-49E2-4649-BC3F-C0B0E283A293}.Ad-Hoc|ARM.ActiveCfg = Release|Any CPU
		{66F8CEF1-49E2-4649-BC3F-C0B0E283A293}.Ad-Hoc|ARM.Build.0 = Release|Any CPU
		{66F8CEF1-49E2-4649-BC3F-C0B0E283A293}.Ad-Hoc|iPhone.ActiveCfg = Release|Any CPU
		{66F8CEF1-49E2-4649-BC3F-C0B0E283A293}.Ad-Hoc|iPhone.Build.0 = Release|Any CPU
		{66F8CEF1-49E2-4649-BC3F-C0B0E283A293}.Ad-Hoc|iPhoneSimulator.ActiveCfg = Release|Any CPU
		{66F8CEF1-49E2-4649-BC3F-C0B0E283A293}.Ad-Hoc|iPhoneSimulator.Build.0 = Release|Any CPU
		{66F8CEF1-49E2-4649-BC3F-C0B0E283A293}.Ad-Hoc|x64.ActiveCfg = Release|Any CPU
		{66F8CEF1-49E2-4649-BC3F-C0B0E283A293}.Ad-Hoc|x64.Build.0 = Release|Any CPU
		{66F8CEF1-49E2-4649-BC3F-C0B0E283A293}.Ad-Hoc|x86.ActiveCfg = Release|Any CPU
		{66F8CEF1-49E2-4649-BC3F-C0B0E283A293}.Ad-Hoc|x86.Build.0 = Release|Any CPU
		{66F8CEF1-49E2-4649-BC3F-C0B0E283A293}.AppStore|Any CPU.ActiveCfg = Release|Any CPU
		{66F8CEF1-49E2-4649-BC3F-C0B0E283A293}.AppStore|Any CPU.Build.0 = Release|Any CPU
		{66F8CEF1-49E2-4649-BC3F-C0B0E283A293}.AppStore|ARM.ActiveCfg = Release|Any CPU
		{66F8CEF1-49E2-4649-BC3F-C0B0E283A293}.AppStore|ARM.Build.0 = Release|Any CPU
		{66F8CEF1-49E2-4649-BC3F-C0B0E283A293}.AppStore|iPhone.ActiveCfg = Release|Any CPU
		{66F8CEF1-49E2-4649-BC3F-C0B0E283A293}.AppStore|iPhone.Build.0 = Release|Any CPU
		{66F8CEF1-49E2-4649-BC3F-C0B0E283A293}.AppStore|iPhoneSimulator.ActiveCfg = Release|Any CPU
		{66F8CEF1-49E2-4649-BC3F-C0B0E283A293}.AppStore|iPhoneSimulator.Build.0 = Release|Any CPU
		{66F8CEF1-49E2-4649-BC3F-C0B0E283A293}.AppStore|x64.ActiveCfg = Release|Any CPU
		{66F8CEF1-49E2-4649-BC3F-C0B0E283A293}.AppStore|x64.Build.0 = Release|Any CPU
		{66F8CEF1-49E2-4649-BC3F-C0B0E283A293}.AppStore|x86.ActiveCfg = Release|Any CPU
		{66F8CEF1-49E2-4649-BC3F-C0B0E283A293}.AppStore|x86.Build.0 = Release|Any CPU
		{66F8CEF1-49E2-4649-BC3F-C0B0E283A293}.Debug|Any CPU.ActiveCfg = Debug|Any CPU
		{66F8CEF1-49E2-4649-BC3F-C0B0E283A293}.Debug|Any CPU.Build.0 = Debug|Any CPU
		{66F8CEF1-49E2-4649-BC3F-C0B0E283A293}.Debug|ARM.ActiveCfg = Debug|Any CPU
		{66F8CEF1-49E2-4649-BC3F-C0B0E283A293}.Debug|ARM.Build.0 = Debug|Any CPU
		{66F8CEF1-49E2-4649-BC3F-C0B0E283A293}.Debug|iPhone.ActiveCfg = Debug|Any CPU
		{66F8CEF1-49E2-4649-BC3F-C0B0E283A293}.Debug|iPhone.Build.0 = Debug|Any CPU
		{66F8CEF1-49E2-4649-BC3F-C0B0E283A293}.Debug|iPhoneSimulator.ActiveCfg = Debug|Any CPU
		{66F8CEF1-49E2-4649-BC3F-C0B0E283A293}.Debug|iPhoneSimulator.Build.0 = Debug|Any CPU
		{66F8CEF1-49E2-4649-BC3F-C0B0E283A293}.Debug|x64.ActiveCfg = Debug|Any CPU
		{66F8CEF1-49E2-4649-BC3F-C0B0E283A293}.Debug|x64.Build.0 = Debug|Any CPU
		{66F8CEF1-49E2-4649-BC3F-C0B0E283A293}.Debug|x86.ActiveCfg = Debug|Any CPU
		{66F8CEF1-49E2-4649-BC3F-C0B0E283A293}.Debug|x86.Build.0 = Debug|Any CPU
		{66F8CEF1-49E2-4649-BC3F-C0B0E283A293}.Release|Any CPU.ActiveCfg = Release|Any CPU
		{66F8CEF1-49E2-4649-BC3F-C0B0E283A293}.Release|Any CPU.Build.0 = Release|Any CPU
		{66F8CEF1-49E2-4649-BC3F-C0B0E283A293}.Release|ARM.ActiveCfg = Release|Any CPU
		{66F8CEF1-49E2-4649-BC3F-C0B0E283A293}.Release|ARM.Build.0 = Release|Any CPU
		{66F8CEF1-49E2-4649-BC3F-C0B0E283A293}.Release|iPhone.ActiveCfg = Release|Any CPU
		{66F8CEF1-49E2-4649-BC3F-C0B0E283A293}.Release|iPhone.Build.0 = Release|Any CPU
		{66F8CEF1-49E2-4649-BC3F-C0B0E283A293}.Release|iPhoneSimulator.ActiveCfg = Release|Any CPU
		{66F8CEF1-49E2-4649-BC3F-C0B0E283A293}.Release|iPhoneSimulator.Build.0 = Release|Any CPU
		{66F8CEF1-49E2-4649-BC3F-C0B0E283A293}.Release|x64.ActiveCfg = Release|Any CPU
		{66F8CEF1-49E2-4649-BC3F-C0B0E283A293}.Release|x64.Build.0 = Release|Any CPU
		{66F8CEF1-49E2-4649-BC3F-C0B0E283A293}.Release|x86.ActiveCfg = Release|Any CPU
		{66F8CEF1-49E2-4649-BC3F-C0B0E283A293}.Release|x86.Build.0 = Release|Any CPU
		{7E6601BC-8E54-4746-93DB-0FCCD4C61720}.Ad-Hoc|Any CPU.ActiveCfg = Release|x86
		{7E6601BC-8E54-4746-93DB-0FCCD4C61720}.Ad-Hoc|Any CPU.Build.0 = Release|x86
		{7E6601BC-8E54-4746-93DB-0FCCD4C61720}.Ad-Hoc|Any CPU.Deploy.0 = Release|x86
		{7E6601BC-8E54-4746-93DB-0FCCD4C61720}.Ad-Hoc|ARM.ActiveCfg = Release|ARM
		{7E6601BC-8E54-4746-93DB-0FCCD4C61720}.Ad-Hoc|ARM.Build.0 = Release|ARM
		{7E6601BC-8E54-4746-93DB-0FCCD4C61720}.Ad-Hoc|ARM.Deploy.0 = Release|ARM
		{7E6601BC-8E54-4746-93DB-0FCCD4C61720}.Ad-Hoc|iPhone.ActiveCfg = Release|x86
		{7E6601BC-8E54-4746-93DB-0FCCD4C61720}.Ad-Hoc|iPhone.Build.0 = Release|x86
		{7E6601BC-8E54-4746-93DB-0FCCD4C61720}.Ad-Hoc|iPhone.Deploy.0 = Release|x86
		{7E6601BC-8E54-4746-93DB-0FCCD4C61720}.Ad-Hoc|iPhoneSimulator.ActiveCfg = Release|x86
		{7E6601BC-8E54-4746-93DB-0FCCD4C61720}.Ad-Hoc|iPhoneSimulator.Build.0 = Release|x86
		{7E6601BC-8E54-4746-93DB-0FCCD4C61720}.Ad-Hoc|iPhoneSimulator.Deploy.0 = Release|x86
		{7E6601BC-8E54-4746-93DB-0FCCD4C61720}.Ad-Hoc|x64.ActiveCfg = Release|x64
		{7E6601BC-8E54-4746-93DB-0FCCD4C61720}.Ad-Hoc|x64.Build.0 = Release|x64
		{7E6601BC-8E54-4746-93DB-0FCCD4C61720}.Ad-Hoc|x64.Deploy.0 = Release|x64
		{7E6601BC-8E54-4746-93DB-0FCCD4C61720}.Ad-Hoc|x86.ActiveCfg = Release|x86
		{7E6601BC-8E54-4746-93DB-0FCCD4C61720}.Ad-Hoc|x86.Build.0 = Release|x86
		{7E6601BC-8E54-4746-93DB-0FCCD4C61720}.Ad-Hoc|x86.Deploy.0 = Release|x86
		{7E6601BC-8E54-4746-93DB-0FCCD4C61720}.AppStore|Any CPU.ActiveCfg = Release|x86
		{7E6601BC-8E54-4746-93DB-0FCCD4C61720}.AppStore|Any CPU.Build.0 = Release|x86
		{7E6601BC-8E54-4746-93DB-0FCCD4C61720}.AppStore|Any CPU.Deploy.0 = Release|x86
		{7E6601BC-8E54-4746-93DB-0FCCD4C61720}.AppStore|ARM.ActiveCfg = Release|ARM
		{7E6601BC-8E54-4746-93DB-0FCCD4C61720}.AppStore|ARM.Build.0 = Release|ARM
		{7E6601BC-8E54-4746-93DB-0FCCD4C61720}.AppStore|ARM.Deploy.0 = Release|ARM
		{7E6601BC-8E54-4746-93DB-0FCCD4C61720}.AppStore|iPhone.ActiveCfg = Release|x86
		{7E6601BC-8E54-4746-93DB-0FCCD4C61720}.AppStore|iPhone.Build.0 = Release|x86
		{7E6601BC-8E54-4746-93DB-0FCCD4C61720}.AppStore|iPhone.Deploy.0 = Release|x86
		{7E6601BC-8E54-4746-93DB-0FCCD4C61720}.AppStore|iPhoneSimulator.ActiveCfg = Release|x86
		{7E6601BC-8E54-4746-93DB-0FCCD4C61720}.AppStore|iPhoneSimulator.Build.0 = Release|x86
		{7E6601BC-8E54-4746-93DB-0FCCD4C61720}.AppStore|iPhoneSimulator.Deploy.0 = Release|x86
		{7E6601BC-8E54-4746-93DB-0FCCD4C61720}.AppStore|x64.ActiveCfg = Release|x64
		{7E6601BC-8E54-4746-93DB-0FCCD4C61720}.AppStore|x64.Build.0 = Release|x64
		{7E6601BC-8E54-4746-93DB-0FCCD4C61720}.AppStore|x64.Deploy.0 = Release|x64
		{7E6601BC-8E54-4746-93DB-0FCCD4C61720}.AppStore|x86.ActiveCfg = Release|x86
		{7E6601BC-8E54-4746-93DB-0FCCD4C61720}.AppStore|x86.Build.0 = Release|x86
		{7E6601BC-8E54-4746-93DB-0FCCD4C61720}.AppStore|x86.Deploy.0 = Release|x86
		{7E6601BC-8E54-4746-93DB-0FCCD4C61720}.Debug|Any CPU.ActiveCfg = Debug|x86
		{7E6601BC-8E54-4746-93DB-0FCCD4C61720}.Debug|ARM.ActiveCfg = Debug|ARM
		{7E6601BC-8E54-4746-93DB-0FCCD4C61720}.Debug|ARM.Build.0 = Debug|ARM
		{7E6601BC-8E54-4746-93DB-0FCCD4C61720}.Debug|ARM.Deploy.0 = Debug|ARM
		{7E6601BC-8E54-4746-93DB-0FCCD4C61720}.Debug|iPhone.ActiveCfg = Debug|x86
		{7E6601BC-8E54-4746-93DB-0FCCD4C61720}.Debug|iPhoneSimulator.ActiveCfg = Debug|x86
		{7E6601BC-8E54-4746-93DB-0FCCD4C61720}.Debug|x64.ActiveCfg = Debug|x64
		{7E6601BC-8E54-4746-93DB-0FCCD4C61720}.Debug|x64.Build.0 = Debug|x64
		{7E6601BC-8E54-4746-93DB-0FCCD4C61720}.Debug|x64.Deploy.0 = Debug|x64
		{7E6601BC-8E54-4746-93DB-0FCCD4C61720}.Debug|x86.ActiveCfg = Debug|x86
		{7E6601BC-8E54-4746-93DB-0FCCD4C61720}.Debug|x86.Build.0 = Debug|x86
		{7E6601BC-8E54-4746-93DB-0FCCD4C61720}.Debug|x86.Deploy.0 = Debug|x86
		{7E6601BC-8E54-4746-93DB-0FCCD4C61720}.Release|Any CPU.ActiveCfg = Release|x86
		{7E6601BC-8E54-4746-93DB-0FCCD4C61720}.Release|ARM.ActiveCfg = Release|ARM
		{7E6601BC-8E54-4746-93DB-0FCCD4C61720}.Release|ARM.Build.0 = Release|ARM
		{7E6601BC-8E54-4746-93DB-0FCCD4C61720}.Release|ARM.Deploy.0 = Release|ARM
		{7E6601BC-8E54-4746-93DB-0FCCD4C61720}.Release|iPhone.ActiveCfg = Release|x86
		{7E6601BC-8E54-4746-93DB-0FCCD4C61720}.Release|iPhoneSimulator.ActiveCfg = Release|x86
		{7E6601BC-8E54-4746-93DB-0FCCD4C61720}.Release|x64.ActiveCfg = Release|x64
		{7E6601BC-8E54-4746-93DB-0FCCD4C61720}.Release|x64.Build.0 = Release|x64
		{7E6601BC-8E54-4746-93DB-0FCCD4C61720}.Release|x64.Deploy.0 = Release|x64
		{7E6601BC-8E54-4746-93DB-0FCCD4C61720}.Release|x86.ActiveCfg = Release|x86
		{7E6601BC-8E54-4746-93DB-0FCCD4C61720}.Release|x86.Build.0 = Release|x86
		{7E6601BC-8E54-4746-93DB-0FCCD4C61720}.Release|x86.Deploy.0 = Release|x86
		{4712B9D1-EEAD-4129-97A4-29745F002152}.Ad-Hoc|Any CPU.ActiveCfg = Ad-Hoc|iPhone
		{4712B9D1-EEAD-4129-97A4-29745F002152}.Ad-Hoc|ARM.ActiveCfg = Ad-Hoc|iPhone
		{4712B9D1-EEAD-4129-97A4-29745F002152}.Ad-Hoc|iPhone.ActiveCfg = Ad-Hoc|iPhone
		{4712B9D1-EEAD-4129-97A4-29745F002152}.Ad-Hoc|iPhone.Build.0 = Ad-Hoc|iPhone
		{4712B9D1-EEAD-4129-97A4-29745F002152}.Ad-Hoc|iPhoneSimulator.ActiveCfg = Ad-Hoc|iPhoneSimulator
		{4712B9D1-EEAD-4129-97A4-29745F002152}.Ad-Hoc|iPhoneSimulator.Build.0 = Ad-Hoc|iPhoneSimulator
		{4712B9D1-EEAD-4129-97A4-29745F002152}.Ad-Hoc|x64.ActiveCfg = Ad-Hoc|iPhone
		{4712B9D1-EEAD-4129-97A4-29745F002152}.Ad-Hoc|x86.ActiveCfg = Ad-Hoc|iPhone
		{4712B9D1-EEAD-4129-97A4-29745F002152}.AppStore|Any CPU.ActiveCfg = AppStore|iPhone
		{4712B9D1-EEAD-4129-97A4-29745F002152}.AppStore|ARM.ActiveCfg = AppStore|iPhone
		{4712B9D1-EEAD-4129-97A4-29745F002152}.AppStore|iPhone.ActiveCfg = AppStore|iPhone
		{4712B9D1-EEAD-4129-97A4-29745F002152}.AppStore|iPhone.Build.0 = AppStore|iPhone
		{4712B9D1-EEAD-4129-97A4-29745F002152}.AppStore|iPhoneSimulator.ActiveCfg = AppStore|iPhoneSimulator
		{4712B9D1-EEAD-4129-97A4-29745F002152}.AppStore|iPhoneSimulator.Build.0 = AppStore|iPhoneSimulator
		{4712B9D1-EEAD-4129-97A4-29745F002152}.AppStore|x64.ActiveCfg = AppStore|iPhone
		{4712B9D1-EEAD-4129-97A4-29745F002152}.AppStore|x86.ActiveCfg = AppStore|iPhone
		{4712B9D1-EEAD-4129-97A4-29745F002152}.Debug|Any CPU.ActiveCfg = Debug|iPhone
		{4712B9D1-EEAD-4129-97A4-29745F002152}.Debug|ARM.ActiveCfg = Debug|iPhone
		{4712B9D1-EEAD-4129-97A4-29745F002152}.Debug|iPhone.ActiveCfg = Debug|iPhone
		{4712B9D1-EEAD-4129-97A4-29745F002152}.Debug|iPhone.Build.0 = Debug|iPhone
		{4712B9D1-EEAD-4129-97A4-29745F002152}.Debug|iPhoneSimulator.ActiveCfg = Debug|iPhoneSimulator
		{4712B9D1-EEAD-4129-97A4-29745F002152}.Debug|iPhoneSimulator.Build.0 = Debug|iPhoneSimulator
		{4712B9D1-EEAD-4129-97A4-29745F002152}.Debug|x64.ActiveCfg = Debug|iPhone
		{4712B9D1-EEAD-4129-97A4-29745F002152}.Debug|x86.ActiveCfg = Debug|iPhone
		{4712B9D1-EEAD-4129-97A4-29745F002152}.Release|Any CPU.ActiveCfg = Release|iPhone
		{4712B9D1-EEAD-4129-97A4-29745F002152}.Release|ARM.ActiveCfg = Release|iPhone
		{4712B9D1-EEAD-4129-97A4-29745F002152}.Release|iPhone.ActiveCfg = Release|iPhone
		{4712B9D1-EEAD-4129-97A4-29745F002152}.Release|iPhone.Build.0 = Release|iPhone
		{4712B9D1-EEAD-4129-97A4-29745F002152}.Release|iPhoneSimulator.ActiveCfg = Release|iPhoneSimulator
		{4712B9D1-EEAD-4129-97A4-29745F002152}.Release|iPhoneSimulator.Build.0 = Release|iPhoneSimulator
		{4712B9D1-EEAD-4129-97A4-29745F002152}.Release|x64.ActiveCfg = Release|iPhone
		{4712B9D1-EEAD-4129-97A4-29745F002152}.Release|x86.ActiveCfg = Release|iPhone
	EndGlobalSection
	GlobalSection(SolutionProperties) = preSolution
		HideSolutionNode = FALSE
	EndGlobalSection
	GlobalSection(ExtensibilityGlobals) = postSolution
		SolutionGuid = {B60D71E4-FF30-4A7D-B350-929C4F0E10E1}
	EndGlobalSection
EndGlobal
