
Microsoft Visual Studio Solution File, Format Version 12.00
# Visual Studio 2012
Project("{FAE04EC0-301F-11D3-BF4B-00C04F79EFBC}") = "JBC", "JBC.csproj", "{13652950-8BA2-44EF-B283-EF5D58988F43}"
EndProject
Project("{FAE04EC0-301F-11D3-BF4B-00C04F79EFBC}") = "JBC.iOS", "iOS\JBC.iOS.csproj", "{CAC8DCD3-F391-4177-883D-7A3511D965C1}"
EndProject
Project("{FAE04EC0-301F-11D3-BF4B-00C04F79EFBC}") = "JBC.Droid", "Droid\JBC.Droid.csproj", "{B116A2AD-46DB-4953-9560-0B336B14BDF0}"
EndProject
Global
	GlobalSection(SolutionConfigurationPlatforms) = preSolution
		Debug|Any CPU = Debug|Any CPU
		Release|Any CPU = Release|Any CPU
		Debug|iPhoneSimulator = Debug|iPhoneSimulator
		Release|iPhone = Release|iPhone
		Release|iPhoneSimulator = Release|iPhoneSimulator
		Debug|iPhone = Debug|iPhone
	EndGlobalSection
	GlobalSection(ProjectConfigurationPlatforms) = postSolution
		{13652950-8BA2-44EF-B283-EF5D58988F43}.Debug|Any CPU.ActiveCfg = Debug|Any CPU
		{13652950-8BA2-44EF-B283-EF5D58988F43}.Debug|Any CPU.Build.0 = Debug|Any CPU
		{13652950-8BA2-44EF-B283-EF5D58988F43}.Release|Any CPU.ActiveCfg = Release|Any CPU
		{13652950-8BA2-44EF-B283-EF5D58988F43}.Release|Any CPU.Build.0 = Release|Any CPU
		{13652950-8BA2-44EF-B283-EF5D58988F43}.Debug|iPhoneSimulator.ActiveCfg = Debug|Any CPU
		{13652950-8BA2-44EF-B283-EF5D58988F43}.Debug|iPhoneSimulator.Build.0 = Debug|Any CPU
		{13652950-8BA2-44EF-B283-EF5D58988F43}.Release|iPhone.ActiveCfg = Release|Any CPU
		{13652950-8BA2-44EF-B283-EF5D58988F43}.Release|iPhone.Build.0 = Release|Any CPU
		{13652950-8BA2-44EF-B283-EF5D58988F43}.Release|iPhoneSimulator.ActiveCfg = Release|Any CPU
		{13652950-8BA2-44EF-B283-EF5D58988F43}.Release|iPhoneSimulator.Build.0 = Release|Any CPU
		{13652950-8BA2-44EF-B283-EF5D58988F43}.Debug|iPhone.ActiveCfg = Debug|Any CPU
		{13652950-8BA2-44EF-B283-EF5D58988F43}.Debug|iPhone.Build.0 = Debug|Any CPU
		{CAC8DCD3-F391-4177-883D-7A3511D965C1}.Debug|Any CPU.ActiveCfg = Debug|iPhoneSimulator
		{CAC8DCD3-F391-4177-883D-7A3511D965C1}.Debug|Any CPU.Build.0 = Debug|iPhoneSimulator
		{CAC8DCD3-F391-4177-883D-7A3511D965C1}.Release|Any CPU.ActiveCfg = Release|iPhone
		{CAC8DCD3-F391-4177-883D-7A3511D965C1}.Release|Any CPU.Build.0 = Release|iPhone
		{CAC8DCD3-F391-4177-883D-7A3511D965C1}.Debug|iPhoneSimulator.ActiveCfg = Debug|iPhoneSimulator
		{CAC8DCD3-F391-4177-883D-7A3511D965C1}.Debug|iPhoneSimulator.Build.0 = Debug|iPhoneSimulator
		{CAC8DCD3-F391-4177-883D-7A3511D965C1}.Release|iPhone.ActiveCfg = Release|iPhone
		{CAC8DCD3-F391-4177-883D-7A3511D965C1}.Release|iPhone.Build.0 = Release|iPhone
		{CAC8DCD3-F391-4177-883D-7A3511D965C1}.Release|iPhoneSimulator.ActiveCfg = Release|iPhoneSimulator
		{CAC8DCD3-F391-4177-883D-7A3511D965C1}.Release|iPhoneSimulator.Build.0 = Release|iPhoneSimulator
		{CAC8DCD3-F391-4177-883D-7A3511D965C1}.Debug|iPhone.ActiveCfg = Debug|iPhone
		{CAC8DCD3-F391-4177-883D-7A3511D965C1}.Debug|iPhone.Build.0 = Debug|iPhone
		{B116A2AD-46DB-4953-9560-0B336B14BDF0}.Debug|Any CPU.ActiveCfg = Debug|Any CPU
		{B116A2AD-46DB-4953-9560-0B336B14BDF0}.Debug|Any CPU.Build.0 = Debug|Any CPU
		{B116A2AD-46DB-4953-9560-0B336B14BDF0}.Release|Any CPU.ActiveCfg = Release|Any CPU
		{B116A2AD-46DB-4953-9560-0B336B14BDF0}.Release|Any CPU.Build.0 = Release|Any CPU
		{B116A2AD-46DB-4953-9560-0B336B14BDF0}.Debug|iPhoneSimulator.ActiveCfg = Debug|Any CPU
		{B116A2AD-46DB-4953-9560-0B336B14BDF0}.Debug|iPhoneSimulator.Build.0 = Debug|Any CPU
		{B116A2AD-46DB-4953-9560-0B336B14BDF0}.Release|iPhone.ActiveCfg = Release|Any CPU
		{B116A2AD-46DB-4953-9560-0B336B14BDF0}.Release|iPhone.Build.0 = Release|Any CPU
		{B116A2AD-46DB-4953-9560-0B336B14BDF0}.Release|iPhoneSimulator.ActiveCfg = Release|Any CPU
		{B116A2AD-46DB-4953-9560-0B336B14BDF0}.Release|iPhoneSimulator.Build.0 = Release|Any CPU
		{B116A2AD-46DB-4953-9560-0B336B14BDF0}.Debug|iPhone.ActiveCfg = Debug|Any CPU
		{B116A2AD-46DB-4953-9560-0B336B14BDF0}.Debug|iPhone.Build.0 = Debug|Any CPU
	EndGlobalSection
EndGlobal
